// !$*UTF8*$!
{
	archiveVersion = 1;
	classes = {
	};
	objectVersion = 48;
	objects = {

/* Begin PBXBuildFile section */
		D74654B2CAC4ACCBA6955F76 /* Pods_HUSafety.framework in Frameworks */ = {isa = PBXBuildFile; fileRef = 847ADE7B56A033C23F44D1E7 /* Pods_HUSafety.framework */; };
		F89147D51F89950B000B70B4 /* GoogleService-Info.plist in Resources */ = {isa = PBXBuildFile; fileRef = F89147D41F89950B000B70B4 /* GoogleService-Info.plist */; };
		F8B861E51F898CB2005E7160 /* AppDelegate.swift in Sources */ = {isa = PBXBuildFile; fileRef = F8B861E41F898CB2005E7160 /* AppDelegate.swift */; };
		F8B861E71F898CB2005E7160 /* ViewController.swift in Sources */ = {isa = PBXBuildFile; fileRef = F8B861E61F898CB2005E7160 /* ViewController.swift */; };
		F8B861EA1F898CB2005E7160 /* Main.storyboard in Resources */ = {isa = PBXBuildFile; fileRef = F8B861E81F898CB2005E7160 /* Main.storyboard */; };
		F8B861EC1F898CB2005E7160 /* Assets.xcassets in Resources */ = {isa = PBXBuildFile; fileRef = F8B861EB1F898CB2005E7160 /* Assets.xcassets */; };
		F8B861EF1F898CB2005E7160 /* LaunchScreen.storyboard in Resources */ = {isa = PBXBuildFile; fileRef = F8B861ED1F898CB2005E7160 /* LaunchScreen.storyboard */; };
/* End PBXBuildFile section */

/* Begin PBXFileReference section */
		04A23ED73DE1E0BD376655EA /* Pods-HUSafety.debug.xcconfig */ = {isa = PBXFileReference; includeInIndex = 1; lastKnownFileType = text.xcconfig; name = "Pods-HUSafety.debug.xcconfig"; path = "Pods/Target Support Files/Pods-HUSafety/Pods-HUSafety.debug.xcconfig"; sourceTree = "<group>"; };
		847ADE7B56A033C23F44D1E7 /* Pods_HUSafety.framework */ = {isa = PBXFileReference; explicitFileType = wrapper.framework; includeInIndex = 0; path = Pods_HUSafety.framework; sourceTree = BUILT_PRODUCTS_DIR; };
		9EFB9BE14587E9B18A767D04 /* Pods-HUSafety.release.xcconfig */ = {isa = PBXFileReference; includeInIndex = 1; lastKnownFileType = text.xcconfig; name = "Pods-HUSafety.release.xcconfig"; path = "Pods/Target Support Files/Pods-HUSafety/Pods-HUSafety.release.xcconfig"; sourceTree = "<group>"; };
		F89147D41F89950B000B70B4 /* GoogleService-Info.plist */ = {isa = PBXFileReference; fileEncoding = 4; lastKnownFileType = text.plist.xml; name = "GoogleService-Info.plist"; path = "../../../Downloads/GoogleService-Info.plist"; sourceTree = "<group>"; };
		F8B861E11F898CB2005E7160 /* HUSafety.app */ = {isa = PBXFileReference; explicitFileType = wrapper.application; includeInIndex = 0; path = HUSafety.app; sourceTree = BUILT_PRODUCTS_DIR; };
		F8B861E41F898CB2005E7160 /* AppDelegate.swift */ = {isa = PBXFileReference; lastKnownFileType = sourcecode.swift; path = AppDelegate.swift; sourceTree = "<group>"; };
		F8B861E61F898CB2005E7160 /* ViewController.swift */ = {isa = PBXFileReference; lastKnownFileType = sourcecode.swift; path = ViewController.swift; sourceTree = "<group>"; };
		F8B861E91F898CB2005E7160 /* Base */ = {isa = PBXFileReference; lastKnownFileType = file.storyboard; name = Base; path = Base.lproj/Main.storyboard; sourceTree = "<group>"; };
		F8B861EB1F898CB2005E7160 /* Assets.xcassets */ = {isa = PBXFileReference; lastKnownFileType = folder.assetcatalog; path = Assets.xcassets; sourceTree = "<group>"; };
		F8B861EE1F898CB2005E7160 /* Base */ = {isa = PBXFileReference; lastKnownFileType = file.storyboard; name = Base; path = Base.lproj/LaunchScreen.storyboard; sourceTree = "<group>"; };
		F8B861F01F898CB2005E7160 /* Info.plist */ = {isa = PBXFileReference; lastKnownFileType = text.plist.xml; path = Info.plist; sourceTree = "<group>"; };
/* End PBXFileReference section */

/* Begin PBXFrameworksBuildPhase section */
		F8B861DE1F898CB2005E7160 /* Frameworks */ = {
			isa = PBXFrameworksBuildPhase;
			buildActionMask = 2147483647;
			files = (
				D74654B2CAC4ACCBA6955F76 /* Pods_HUSafety.framework in Frameworks */,
			);
			runOnlyForDeploymentPostprocessing = 0;
		};
/* End PBXFrameworksBuildPhase section */

/* Begin PBXGroup section */
		594386C44450DFFF21EDCCAD /* Pods */ = {
			isa = PBXGroup;
			children = (
				04A23ED73DE1E0BD376655EA /* Pods-HUSafety.debug.xcconfig */,
				9EFB9BE14587E9B18A767D04 /* Pods-HUSafety.release.xcconfig */,
			);
			name = Pods;
			sourceTree = "<group>";
		};
		700419CD6732195461E936E5 /* Frameworks */ = {
			isa = PBXGroup;
			children = (
				847ADE7B56A033C23F44D1E7 /* Pods_HUSafety.framework */,
			);
			name = Frameworks;
			sourceTree = "<group>";
		};
		F8B861D81F898CB2005E7160 = {
			isa = PBXGroup;
			children = (
				F8B861E31F898CB2005E7160 /* HUSafety */,
				F8B861E21F898CB2005E7160 /* Products */,
				594386C44450DFFF21EDCCAD /* Pods */,
				700419CD6732195461E936E5 /* Frameworks */,
			);
			sourceTree = "<group>";
		};
		F8B861E21F898CB2005E7160 /* Products */ = {
			isa = PBXGroup;
			children = (
				F8B861E11F898CB2005E7160 /* HUSafety.app */,
			);
			name = Products;
			sourceTree = "<group>";
		};
		F8B861E31F898CB2005E7160 /* HUSafety */ = {
			isa = PBXGroup;
			children = (
				F89147D41F89950B000B70B4 /* GoogleService-Info.plist */,
				F8B861E41F898CB2005E7160 /* AppDelegate.swift */,
				F8B861E61F898CB2005E7160 /* ViewController.swift */,
				F8B861E81F898CB2005E7160 /* Main.storyboard */,
				F8B861EB1F898CB2005E7160 /* Assets.xcassets */,
				F8B861ED1F898CB2005E7160 /* LaunchScreen.storyboard */,
				F8B861F01F898CB2005E7160 /* Info.plist */,
			);
			path = HUSafety;
			sourceTree = "<group>";
		};
/* End PBXGroup section */

/* Begin PBXNativeTarget section */
		F8B861E01F898CB2005E7160 /* HUSafety */ = {
			isa = PBXNativeTarget;
			buildConfigurationList = F8B861F31F898CB2005E7160 /* Build configuration list for PBXNativeTarget "HUSafety" */;
			buildPhases = (
				4BB2A7512211AE284197AEE3 /* [CP] Check Pods Manifest.lock */,
				F8B861DD1F898CB2005E7160 /* Sources */,
				F8B861DE1F898CB2005E7160 /* Frameworks */,
				F8B861DF1F898CB2005E7160 /* Resources */,
				AF32AFBD0644EBB3DDEFDB5F /* [CP] Embed Pods Frameworks */,
				116B896BD43F84D084D56238 /* [CP] Copy Pods Resources */,
			);
			buildRules = (
			);
			dependencies = (
			);
			name = HUSafety;
			productName = HUSafety;
			productReference = F8B861E11F898CB2005E7160 /* HUSafety.app */;
			productType = "com.apple.product-type.application";
		};
/* End PBXNativeTarget section */

/* Begin PBXProject section */
		F8B861D91F898CB2005E7160 /* Project object */ = {
			isa = PBXProject;
			attributes = {
				LastSwiftUpdateCheck = 0900;
				LastUpgradeCheck = 0900;
				ORGANIZATIONNAME = "Anish Adhikari";
				TargetAttributes = {
					F8B861E01F898CB2005E7160 = {
						CreatedOnToolsVersion = 9.0;
						ProvisioningStyle = Automatic;
					};
				};
			};
			buildConfigurationList = F8B861DC1F898CB2005E7160 /* Build configuration list for PBXProject "HUSafety" */;
			compatibilityVersion = "Xcode 8.0";
			developmentRegion = en;
			hasScannedForEncodings = 0;
			knownRegions = (
				en,
				Base,
			);
			mainGroup = F8B861D81F898CB2005E7160;
			productRefGroup = F8B861E21F898CB2005E7160 /* Products */;
			projectDirPath = "";
			projectRoot = "";
			targets = (
				F8B861E01F898CB2005E7160 /* HUSafety */,
			);
		};
/* End PBXProject section */

/* Begin PBXResourcesBuildPhase section */
		F8B861DF1F898CB2005E7160 /* Resources */ = {
			isa = PBXResourcesBuildPhase;
			buildActionMask = 2147483647;
			files = (
				F8B861EF1F898CB2005E7160 /* LaunchScreen.storyboard in Resources */,
				F89147D51F89950B000B70B4 /* GoogleService-Info.plist in Resources */,
				F8B861EC1F898CB2005E7160 /* Assets.xcassets in Resources */,
				F8B861EA1F898CB2005E7160 /* Main.storyboard in Resources */,
			);
			runOnlyForDeploymentPostprocessing = 0;
		};
/* End PBXResourcesBuildPhase section */

/* Begin PBXShellScriptBuildPhase section */
		116B896BD43F84D084D56238 /* [CP] Copy Pods Resources */ = {
			isa = PBXShellScriptBuildPhase;
			buildActionMask = 2147483647;
			files = (
			);
			inputPaths = (
			);
			name = "[CP] Copy Pods Resources";
			outputPaths = (
			);
			runOnlyForDeploymentPostprocessing = 0;
			shellPath = /bin/sh;
			shellScript = "\"${SRCROOT}/Pods/Target Support Files/Pods-HUSafety/Pods-HUSafety-resources.sh\"\n";
			showEnvVarsInLog = 0;
		};
		4BB2A7512211AE284197AEE3 /* [CP] Check Pods Manifest.lock */ = {
			isa = PBXShellScriptBuildPhase;
			buildActionMask = 2147483647;
			files = (
			);
			inputPaths = (
				"${PODS_PODFILE_DIR_PATH}/Podfile.lock",
				"${PODS_ROOT}/Manifest.lock",
			);
			name = "[CP] Check Pods Manifest.lock";
			outputPaths = (
				"$(DERIVED_FILE_DIR)/Pods-HUSafety-checkManifestLockResult.txt",
			);
			runOnlyForDeploymentPostprocessing = 0;
			shellPath = /bin/sh;
			shellScript = "diff \"${PODS_PODFILE_DIR_PATH}/Podfile.lock\" \"${PODS_ROOT}/Manifest.lock\" > /dev/null\nif [ $? != 0 ] ; then\n    # print error to STDERR\n    echo \"error: The sandbox is not in sync with the Podfile.lock. Run 'pod install' or update your CocoaPods installation.\" >&2\n    exit 1\nfi\n# This output is used by Xcode 'outputs' to avoid re-running this script phase.\necho \"SUCCESS\" > \"${SCRIPT_OUTPUT_FILE_0}\"\n";
			showEnvVarsInLog = 0;
		};
		AF32AFBD0644EBB3DDEFDB5F /* [CP] Embed Pods Frameworks */ = {
			isa = PBXShellScriptBuildPhase;
			buildActionMask = 2147483647;
			files = (
			);
			inputPaths = (
				"${SRCROOT}/Pods/Target Support Files/Pods-HUSafety/Pods-HUSafety-frameworks.sh",
				"${BUILT_PRODUCTS_DIR}/GoogleToolboxForMac/GoogleToolboxForMac.framework",
				"${BUILT_PRODUCTS_DIR}/leveldb-library/leveldb.framework",
				"${BUILT_PRODUCTS_DIR}/nanopb/nanopb.framework",
			);
			name = "[CP] Embed Pods Frameworks";
			outputPaths = (
				"${TARGET_BUILD_DIR}/${FRAMEWORKS_FOLDER_PATH}/GoogleToolboxForMac.framework",
				"${TARGET_BUILD_DIR}/${FRAMEWORKS_FOLDER_PATH}/leveldb.framework",
				"${TARGET_BUILD_DIR}/${FRAMEWORKS_FOLDER_PATH}/nanopb.framework",
			);
			runOnlyForDeploymentPostprocessing = 0;
			shellPath = /bin/sh;
			shellScript = "\"${SRCROOT}/Pods/Target Support Files/Pods-HUSafety/Pods-HUSafety-frameworks.sh\"\n";
			showEnvVarsInLog = 0;
		};
/* End PBXShellScriptBuildPhase section */

/* Begin PBXSourcesBuildPhase section */
		F8B861DD1F898CB2005E7160 /* Sources */ = {
			isa = PBXSourcesBuildPhase;
			buildActionMask = 2147483647;
			files = (
				F8B861E71F898CB2005E7160 /* ViewController.swift in Sources */,
				F8B861E51F898CB2005E7160 /* AppDelegate.swift in Sources */,
			);
			runOnlyForDeploymentPostprocessing = 0;
		};
/* End PBXSourcesBuildPhase section */

/* Begin PBXVariantGroup section */
		F8B861E81F898CB2005E7160 /* Main.storyboard */ = {
			isa = PBXVariantGroup;
			children = (
				F8B861E91F898CB2005E7160 /* Base */,
			);
			name = Main.storyboard;
			sourceTree = "<group>";
		};
		F8B861ED1F898CB2005E7160 /* LaunchScreen.storyboard */ = {
			isa = PBXVariantGroup;
			children = (
				F8B861EE1F898CB2005E7160 /* Base */,
			);
			name = LaunchScreen.storyboard;
			sourceTree = "<group>";
		};
/* End PBXVariantGroup section */

/* Begin XCBuildConfiguration section */
		F8B861F11F898CB2005E7160 /* Debug */ = {
			isa = XCBuildConfiguration;
			buildSettings = {
				ALWAYS_SEARCH_USER_PATHS = NO;
				CLANG_ANALYZER_NONNULL = YES;
				CLANG_ANALYZER_NUMBER_OBJECT_CONVERSION = YES_AGGRESSIVE;
				CLANG_CXX_LANGUAGE_STANDARD = "gnu++14";
				CLANG_CXX_LIBRARY = "libc++";
				CLANG_ENABLE_MODULES = YES;
				CLANG_ENABLE_OBJC_ARC = YES;
				CLANG_WARN_BLOCK_CAPTURE_AUTORELEASING = YES;
				CLANG_WARN_BOOL_CONVERSION = YES;
				CLANG_WARN_COMMA = YES;
				CLANG_WARN_CONSTANT_CONVERSION = YES;
				CLANG_WARN_DIRECT_OBJC_ISA_USAGE = YES_ERROR;
				CLANG_WARN_DOCUMENTATION_COMMENTS = YES;
				CLANG_WARN_EMPTY_BODY = YES;
				CLANG_WARN_ENUM_CONVERSION = YES;
				CLANG_WARN_INFINITE_RECURSION = YES;
				CLANG_WARN_INT_CONVERSION = YES;
				CLANG_WARN_NON_LITERAL_NULL_CONVERSION = YES;
				CLANG_WARN_OBJC_LITERAL_CONVERSION = YES;
				CLANG_WARN_OBJC_ROOT_CLASS = YES_ERROR;
				CLANG_WARN_RANGE_LOOP_ANALYSIS = YES;
				CLANG_WARN_STRICT_PROTOTYPES = YES;
				CLANG_WARN_SUSPICIOUS_MOVE = YES;
				CLANG_WARN_UNGUARDED_AVAILABILITY = YES_AGGRESSIVE;
				CLANG_WARN_UNREACHABLE_CODE = YES;
				CLANG_WARN__DUPLICATE_METHOD_MATCH = YES;
				CODE_SIGN_IDENTITY = "iPhone Developer";
				COPY_PHASE_STRIP = NO;
				DEBUG_INFORMATION_FORMAT = dwarf;
				ENABLE_STRICT_OBJC_MSGSEND = YES;
				ENABLE_TESTABILITY = YES;
				GCC_C_LANGUAGE_STANDARD = gnu11;
				GCC_DYNAMIC_NO_PIC = NO;
				GCC_NO_COMMON_BLOCKS = YES;
				GCC_OPTIMIZATION_LEVEL = 0;
				GCC_PREPROCESSOR_DEFINITIONS = (
					"DEBUG=1",
					"$(inherited)",
				);
				GCC_WARN_64_TO_32_BIT_CONVERSION = YES;
				GCC_WARN_ABOUT_RETURN_TYPE = YES_ERROR;
				GCC_WARN_UNDECLARED_SELECTOR = YES;
				GCC_WARN_UNINITIALIZED_AUTOS = YES_AGGRESSIVE;
				GCC_WARN_UNUSED_FUNCTION = YES;
				GCC_WARN_UNUSED_VARIABLE = YES;
				IPHONEOS_DEPLOYMENT_TARGET = 11.0;
				MTL_ENABLE_DEBUG_INFO = YES;
				ONLY_ACTIVE_ARCH = YES;
				SDKROOT = iphoneos;
				SWIFT_ACTIVE_COMPILATION_CONDITIONS = DEBUG;
				SWIFT_OPTIMIZATION_LEVEL = "-Onone";
			};
			name = Debug;
		};
		F8B861F21F898CB2005E7160 /* Release */ = {
			isa = XCBuildConfiguration;
			buildSettings = {
				ALWAYS_SEARCH_USER_PATHS = NO;
				CLANG_ANALYZER_NONNULL = YES;
				CLANG_ANALYZER_NUMBER_OBJECT_CONVERSION = YES_AGGRESSIVE;
				CLANG_CXX_LANGUAGE_STANDARD = "gnu++14";
				CLANG_CXX_LIBRARY = "libc++";
				CLANG_ENABLE_MODULES = YES;
				CLANG_ENABLE_OBJC_ARC = YES;
				CLANG_WARN_BLOCK_CAPTURE_AUTORELEASING = YES;
				CLANG_WARN_BOOL_CONVERSION = YES;
				CLANG_WARN_COMMA = YES;
				CLANG_WARN_CONSTANT_CONVERSION = YES;
				CLANG_WARN_DIRECT_OBJC_ISA_USAGE = YES_ERROR;
				CLANG_WARN_DOCUMENTATION_COMMENTS = YES;
				CLANG_WARN_EMPTY_BODY = YES;
				CLANG_WARN_ENUM_CONVERSION = YES;
				CLANG_WARN_INFINITE_RECURSION = YES;
				CLANG_WARN_INT_CONVERSION = YES;
				CLANG_WARN_NON_LITERAL_NULL_CONVERSION = YES;
				CLANG_WARN_OBJC_LITERAL_CONVERSION = YES;
				CLANG_WARN_OBJC_ROOT_CLASS = YES_ERROR;
				CLANG_WARN_RANGE_LOOP_ANALYSIS = YES;
				CLANG_WARN_STRICT_PROTOTYPES = YES;
				CLANG_WARN_SUSPICIOUS_MOVE = YES;
				CLANG_WARN_UNGUARDED_AVAILABILITY = YES_AGGRESSIVE;
				CLANG_WARN_UNREACHABLE_CODE = YES;
				CLANG_WARN__DUPLICATE_METHOD_MATCH = YES;
				CODE_SIGN_IDENTITY = "iPhone Developer";
				COPY_PHASE_STRIP = NO;
				DEBUG_INFORMATION_FORMAT = "dwarf-with-dsym";
				ENABLE_NS_ASSERTIONS = NO;
				ENABLE_STRICT_OBJC_MSGSEND = YES;
				GCC_C_LANGUAGE_STANDARD = gnu11;
				GCC_NO_COMMON_BLOCKS = YES;
				GCC_WARN_64_TO_32_BIT_CONVERSION = YES;
				GCC_WARN_ABOUT_RETURN_TYPE = YES_ERROR;
				GCC_WARN_UNDECLARED_SELECTOR = YES;
				GCC_WARN_UNINITIALIZED_AUTOS = YES_AGGRESSIVE;
				GCC_WARN_UNUSED_FUNCTION = YES;
				GCC_WARN_UNUSED_VARIABLE = YES;
				IPHONEOS_DEPLOYMENT_TARGET = 11.0;
				MTL_ENABLE_DEBUG_INFO = NO;
				SDKROOT = iphoneos;
				SWIFT_OPTIMIZATION_LEVEL = "-Owholemodule";
				VALIDATE_PRODUCT = YES;
			};
			name = Release;
		};
		F8B861F41F898CB2005E7160 /* Debug */ = {
			isa = XCBuildConfiguration;
			baseConfigurationReference = 04A23ED73DE1E0BD376655EA /* Pods-HUSafety.debug.xcconfig */;
			buildSettings = {
				ASSETCATALOG_COMPILER_APPICON_NAME = AppIcon;
				CODE_SIGN_STYLE = Automatic;
				DEVELOPMENT_TEAM = 6JTJHCFQH8;
				INFOPLIST_FILE = HUSafety/Info.plist;
				LD_RUNPATH_SEARCH_PATHS = "$(inherited) @executable_path/Frameworks";
				PRODUCT_BUNDLE_IDENTIFIER = edu.howard.02778744.HUSafety;
				PRODUCT_NAME = "$(TARGET_NAME)";
				SWIFT_VERSION = 4.0;
				TARGETED_DEVICE_FAMILY = "1,2";
			};
			name = Debug;
		};
		F8B861F51F898CB2005E7160 /* Release */ = {
			isa = XCBuildConfiguration;
			baseConfigurationReference = 9EFB9BE14587E9B18A767D04 /* Pods-HUSafety.release.xcconfig */;
			buildSettings = {
				ASSETCATALOG_COMPILER_APPICON_NAME = AppIcon;
				CODE_SIGN_STYLE = Automatic;
				DEVELOPMENT_TEAM = 6JTJHCFQH8;
				INFOPLIST_FILE = HUSafety/Info.plist;
				LD_RUNPATH_SEARCH_PATHS = "$(inherited) @executable_path/Frameworks";
				PRODUCT_BUNDLE_IDENTIFIER = edu.howard.02778744.HUSafety;
				PRODUCT_NAME = "$(TARGET_NAME)";
				SWIFT_VERSION = 4.0;
				TARGETED_DEVICE_FAMILY = "1,2";
			};
			name = Release;
		};
/* End XCBuildConfiguration section */

/* Begin XCConfigurationList section */
		F8B861DC1F898CB2005E7160 /* Build configuration list for PBXProject "HUSafety" */ = {
			isa = XCConfigurationList;
			buildConfigurations = (
				F8B861F11F898CB2005E7160 /* Debug */,
				F8B861F21F898CB2005E7160 /* Release */,
			);
			defaultConfigurationIsVisible = 0;
			defaultConfigurationName = Release;
		};
		F8B861F31F898CB2005E7160 /* Build configuration list for PBXNativeTarget "HUSafety" */ = {
			isa = XCConfigurationList;
			buildConfigurations = (
				F8B861F41F898CB2005E7160 /* Debug */,
				F8B861F51F898CB2005E7160 /* Release */,
			);
			defaultConfigurationIsVisible = 0;
			defaultConfigurationName = Release;
		};
/* End XCConfigurationList section */
	};
	rootObject = F8B861D91F898CB2005E7160 /* Project object */;
}
